
Microsoft Visual Studio Solution File, Format Version 12.00
# Visual Studio Version 16
VisualStudioVersion = 16.0.29409.12
MinimumVisualStudioVersion = 10.0.40219.1
Project("{2150E333-8FDC-42A3-9474-1A3956D46DE8}") = "Microservices", "Microservices", "{E2751959-4426-48CF-B5B9-97ACAE9E9429}"
EndProject
Project("{2150E333-8FDC-42A3-9474-1A3956D46DE8}") = "Domain", "Domain", "{6E52625C-34B8-4603-BCE8-C2FC9454A42A}"
EndProject
Project("{2150E333-8FDC-42A3-9474-1A3956D46DE8}") = "Infra.Bus", "Infra.Bus", "{BA56A5DC-2CC4-4822-9379-EC9523D76CBC}"
EndProject
Project("{2150E333-8FDC-42A3-9474-1A3956D46DE8}") = "Infra.IoC", "Infra.IoC", "{074BB9F8-5DD8-45B2-B13D-BE5D07A5DC9B}"
EndProject
Project("{2150E333-8FDC-42A3-9474-1A3956D46DE8}") = "Presentation", "Presentation", "{A444D5DF-28AC-433A-BD24-561ABD27904F}"
EndProject
Project("{9A19103F-16F7-4668-BE54-9A1E7A4F7556}") = "MicroRabbit.Domain.Core", "MicroRabbit.Domain.Core\MicroRabbit.Domain.Core.csproj", "{D893E9AC-3BD2-4ADB-A8B3-5002CFE0315C}"
EndProject
Project("{9A19103F-16F7-4668-BE54-9A1E7A4F7556}") = "MicroRabbit.Infra.Bus", "MicroRabbit.Infra.Bus\MicroRabbit.Infra.Bus.csproj", "{5D43A04D-1F69-4966-8928-804125B4A7D9}"
EndProject
Project("{9A19103F-16F7-4668-BE54-9A1E7A4F7556}") = "MicroRabbit.Infra.IoC", "MicroRabbit.Infra.IoC\MicroRabbit.Infra.IoC.csproj", "{DFC59A3D-6CE6-4E26-997B-9F9E49660C56}"
EndProject
Project("{2150E333-8FDC-42A3-9474-1A3956D46DE8}") = "Banking", "Banking", "{96838008-897C-4712-B98F-2AE0AEE43317}"
EndProject
Project("{2150E333-8FDC-42A3-9474-1A3956D46DE8}") = "Api", "Api", "{F7A0E569-1DB1-4CA0-9B1E-54C52FB62E4A}"
EndProject
Project("{2150E333-8FDC-42A3-9474-1A3956D46DE8}") = "Domain", "Domain", "{FA3504AA-DF46-4734-992C-5FDDB08CF96C}"
EndProject
Project("{2150E333-8FDC-42A3-9474-1A3956D46DE8}") = "Aplication", "Aplication", "{82C9AA67-D800-46AC-BC36-1868E0971D62}"
EndProject
Project("{2150E333-8FDC-42A3-9474-1A3956D46DE8}") = "Data", "Data", "{B5A968B1-7E9E-4B46-A264-2B5C427D493B}"
EndProject
Project("{9A19103F-16F7-4668-BE54-9A1E7A4F7556}") = "MicroRabbit.Banking.Api", "MicroRabbit.Banking.Api\MicroRabbit.Banking.Api.csproj", "{9058544B-04E0-4F0B-917C-907E6D96209F}"
EndProject
Project("{9A19103F-16F7-4668-BE54-9A1E7A4F7556}") = "MicroRabbit.Banking.Application", "MicroRabbit.Banking.Application\MicroRabbit.Banking.Application.csproj", "{66771553-C6D3-4B77-8582-E2F9FBC4DF10}"
EndProject
Project("{9A19103F-16F7-4668-BE54-9A1E7A4F7556}") = "MicroRabbit.Banking.Data", "MicroRabbit.Banking.Data\MicroRabbit.Banking.Data.csproj", "{6B5543C8-492F-4188-B532-B43C29D50A11}"
EndProject
Project("{9A19103F-16F7-4668-BE54-9A1E7A4F7556}") = "MicroRabbit.Banking.Domain", "MicroRabbit.Banking.Domain\MicroRabbit.Banking.Domain.csproj", "{A853DC66-5E66-488E-9C81-BEFF62EA6582}"
EndProject
Global
	GlobalSection(SolutionConfigurationPlatforms) = preSolution
		Debug|Any CPU = Debug|Any CPU
		Release|Any CPU = Release|Any CPU
	EndGlobalSection
	GlobalSection(ProjectConfigurationPlatforms) = postSolution
		{D893E9AC-3BD2-4ADB-A8B3-5002CFE0315C}.Debug|Any CPU.ActiveCfg = Debug|Any CPU
		{D893E9AC-3BD2-4ADB-A8B3-5002CFE0315C}.Debug|Any CPU.Build.0 = Debug|Any CPU
		{D893E9AC-3BD2-4ADB-A8B3-5002CFE0315C}.Release|Any CPU.ActiveCfg = Release|Any CPU
		{D893E9AC-3BD2-4ADB-A8B3-5002CFE0315C}.Release|Any CPU.Build.0 = Release|Any CPU
		{5D43A04D-1F69-4966-8928-804125B4A7D9}.Debug|Any CPU.ActiveCfg = Debug|Any CPU
		{5D43A04D-1F69-4966-8928-804125B4A7D9}.Debug|Any CPU.Build.0 = Debug|Any CPU
		{5D43A04D-1F69-4966-8928-804125B4A7D9}.Release|Any CPU.ActiveCfg = Release|Any CPU
		{5D43A04D-1F69-4966-8928-804125B4A7D9}.Release|Any CPU.Build.0 = Release|Any CPU
		{DFC59A3D-6CE6-4E26-997B-9F9E49660C56}.Debug|Any CPU.ActiveCfg = Debug|Any CPU
		{DFC59A3D-6CE6-4E26-997B-9F9E49660C56}.Debug|Any CPU.Build.0 = Debug|Any CPU
		{DFC59A3D-6CE6-4E26-997B-9F9E49660C56}.Release|Any CPU.ActiveCfg = Release|Any CPU
		{DFC59A3D-6CE6-4E26-997B-9F9E49660C56}.Release|Any CPU.Build.0 = Release|Any CPU
		{9058544B-04E0-4F0B-917C-907E6D96209F}.Debug|Any CPU.ActiveCfg = Debug|Any CPU
		{9058544B-04E0-4F0B-917C-907E6D96209F}.Debug|Any CPU.Build.0 = Debug|Any CPU
		{9058544B-04E0-4F0B-917C-907E6D96209F}.Release|Any CPU.ActiveCfg = Release|Any CPU
		{9058544B-04E0-4F0B-917C-907E6D96209F}.Release|Any CPU.Build.0 = Release|Any CPU
		{66771553-C6D3-4B77-8582-E2F9FBC4DF10}.Debug|Any CPU.ActiveCfg = Debug|Any CPU
		{66771553-C6D3-4B77-8582-E2F9FBC4DF10}.Debug|Any CPU.Build.0 = Debug|Any CPU
		{66771553-C6D3-4B77-8582-E2F9FBC4DF10}.Release|Any CPU.ActiveCfg = Release|Any CPU
		{66771553-C6D3-4B77-8582-E2F9FBC4DF10}.Release|Any CPU.Build.0 = Release|Any CPU
		{6B5543C8-492F-4188-B532-B43C29D50A11}.Debug|Any CPU.ActiveCfg = Debug|Any CPU
		{6B5543C8-492F-4188-B532-B43C29D50A11}.Debug|Any CPU.Build.0 = Debug|Any CPU
		{6B5543C8-492F-4188-B532-B43C29D50A11}.Release|Any CPU.ActiveCfg = Release|Any CPU
		{6B5543C8-492F-4188-B532-B43C29D50A11}.Release|Any CPU.Build.0 = Release|Any CPU
		{A853DC66-5E66-488E-9C81-BEFF62EA6582}.Debug|Any CPU.ActiveCfg = Debug|Any CPU
		{A853DC66-5E66-488E-9C81-BEFF62EA6582}.Debug|Any CPU.Build.0 = Debug|Any CPU
		{A853DC66-5E66-488E-9C81-BEFF62EA6582}.Release|Any CPU.ActiveCfg = Release|Any CPU
		{A853DC66-5E66-488E-9C81-BEFF62EA6582}.Release|Any CPU.Build.0 = Release|Any CPU
	EndGlobalSection
	GlobalSection(SolutionProperties) = preSolution
		HideSolutionNode = FALSE
	EndGlobalSection
	GlobalSection(NestedProjects) = preSolution
		{D893E9AC-3BD2-4ADB-A8B3-5002CFE0315C} = {6E52625C-34B8-4603-BCE8-C2FC9454A42A}
		{5D43A04D-1F69-4966-8928-804125B4A7D9} = {BA56A5DC-2CC4-4822-9379-EC9523D76CBC}
		{DFC59A3D-6CE6-4E26-997B-9F9E49660C56} = {074BB9F8-5DD8-45B2-B13D-BE5D07A5DC9B}
		{96838008-897C-4712-B98F-2AE0AEE43317} = {E2751959-4426-48CF-B5B9-97ACAE9E9429}
		{F7A0E569-1DB1-4CA0-9B1E-54C52FB62E4A} = {96838008-897C-4712-B98F-2AE0AEE43317}
		{FA3504AA-DF46-4734-992C-5FDDB08CF96C} = {96838008-897C-4712-B98F-2AE0AEE43317}
		{82C9AA67-D800-46AC-BC36-1868E0971D62} = {96838008-897C-4712-B98F-2AE0AEE43317}
		{B5A968B1-7E9E-4B46-A264-2B5C427D493B} = {96838008-897C-4712-B98F-2AE0AEE43317}
		{9058544B-04E0-4F0B-917C-907E6D96209F} = {F7A0E569-1DB1-4CA0-9B1E-54C52FB62E4A}
		{66771553-C6D3-4B77-8582-E2F9FBC4DF10} = {82C9AA67-D800-46AC-BC36-1868E0971D62}
		{6B5543C8-492F-4188-B532-B43C29D50A11} = {B5A968B1-7E9E-4B46-A264-2B5C427D493B}
		{A853DC66-5E66-488E-9C81-BEFF62EA6582} = {FA3504AA-DF46-4734-992C-5FDDB08CF96C}
	EndGlobalSection
	GlobalSection(ExtensibilityGlobals) = postSolution
		SolutionGuid = {6AC79135-48C8-4531-820D-4B72FEF90D8D}
	EndGlobalSection
EndGlobal
